<?xml version="1.0" encoding="utf-8"?>
<Project ToolsVersion="4.0" xmlns="http://schemas.microsoft.com/developer/msbuild/2003">
  <ItemGroup>
    <ClInclude Include="DatabaseMySql.h" />
    <ClInclude Include="resource.h">
      <Filter>Resource</Filter>
    </ClInclude>
    <ClInclude Include="QueryResultMySql.h" />
  </ItemGroup>
  <ItemGroup>
    <ClCompile Include="Manifest.cpp" />
    <ClCompile Include="DatabaseMySql.cpp" />
    <ClCompile Include="QueryResultMySql.cpp" />
  </ItemGroup>
  <ItemGroup>
    <Filter Include="Resource">
      <UniqueIdentifier>{c245e7ad-2011-4774-9609-3d51523ede87}</UniqueIdentifier>
    </Filter>
  </ItemGroup>
  <ItemGroup>
    <ResourceCompile Include="Resource.rc">
      <Filter>Resource</Filter>
    </ResourceCompile>
  </ItemGroup>
</Project>